// !$*UTF8*$!
{
	archiveVersion = 1;
	classes = {
	};
	objectVersion = 46;
	objects = {

/* Begin PBXBuildFile section */
		431E2E3917E541A8000998DA /* Foundation.framework in Frameworks */ = {isa = PBXBuildFile; fileRef = 431E2E3817E541A8000998DA /* Foundation.framework */; };
		431E2E3B17E541A8000998DA /* CoreGraphics.framework in Frameworks */ = {isa = PBXBuildFile; fileRef = 431E2E3A17E541A8000998DA /* CoreGraphics.framework */; };
		431E2E3D17E541A8000998DA /* UIKit.framework in Frameworks */ = {isa = PBXBuildFile; fileRef = 431E2E3C17E541A8000998DA /* UIKit.framework */; };
		431E2E4317E541A8000998DA /* InfoPlist.strings in Resources */ = {isa = PBXBuildFile; fileRef = 431E2E4117E541A8000998DA /* InfoPlist.strings */; };
		431E2E4517E541A8000998DA /* main.m in Sources */ = {isa = PBXBuildFile; fileRef = 431E2E4417E541A8000998DA /* main.m */; };
		431E2E4917E541A8000998DA /* AppDelegate.m in Sources */ = {isa = PBXBuildFile; fileRef = 431E2E4817E541A8000998DA /* AppDelegate.m */; };
		431E2E4C17E541A8000998DA /* Main.storyboard in Resources */ = {isa = PBXBuildFile; fileRef = 431E2E4A17E541A8000998DA /* Main.storyboard */; };
		431E2E4F17E541A8000998DA /* ViewController.m in Sources */ = {isa = PBXBuildFile; fileRef = 431E2E4E17E541A8000998DA /* ViewController.m */; };
		431E2E5117E541A8000998DA /* Images.xcassets in Resources */ = {isa = PBXBuildFile; fileRef = 431E2E5017E541A8000998DA /* Images.xcassets */; };
		431E2E5817E541A8000998DA /* XCTest.framework in Frameworks */ = {isa = PBXBuildFile; fileRef = 431E2E5717E541A8000998DA /* XCTest.framework */; };
		431E2E5917E541A8000998DA /* Foundation.framework in Frameworks */ = {isa = PBXBuildFile; fileRef = 431E2E3817E541A8000998DA /* Foundation.framework */; };
		431E2E5A17E541A8000998DA /* UIKit.framework in Frameworks */ = {isa = PBXBuildFile; fileRef = 431E2E3C17E541A8000998DA /* UIKit.framework */; };
		431E2E6217E541A8000998DA /* InfoPlist.strings in Resources */ = {isa = PBXBuildFile; fileRef = 431E2E6017E541A8000998DA /* InfoPlist.strings */; };
		431E2E6417E541A8000998DA /* JenkinsAppTestTests.m in Sources */ = {isa = PBXBuildFile; fileRef = 431E2E6317E541A8000998DA /* JenkinsAppTestTests.m */; };
/* End PBXBuildFile section */

/* Begin PBXContainerItemProxy section */
		431E2E5B17E541A8000998DA /* PBXContainerItemProxy */ = {
			isa = PBXContainerItemProxy;
			containerPortal = 431E2E2D17E541A8000998DA /* Project object */;
			proxyType = 1;
			remoteGlobalIDString = 431E2E3417E541A8000998DA;
			remoteInfo = JenkinsAppTest;
		};
/* End PBXContainerItemProxy section */

/* Begin PBXFileReference section */
		431E2E3517E541A8000998DA /* JenkinsAppTest.app */ = {isa = PBXFileReference; explicitFileType = wrapper.application; includeInIndex = 0; path = JenkinsAppTest.app; sourceTree = BUILT_PRODUCTS_DIR; };
		431E2E3817E541A8000998DA /* Foundation.framework */ = {isa = PBXFileReference; lastKnownFileType = wrapper.framework; name = Foundation.framework; path = System/Library/Frameworks/Foundation.framework; sourceTree = SDKROOT; };
		431E2E3A17E541A8000998DA /* CoreGraphics.framework */ = {isa = PBXFileReference; lastKnownFileType = wrapper.framework; name = CoreGraphics.framework; path = System/Library/Frameworks/CoreGraphics.framework; sourceTree = SDKROOT; };
		431E2E3C17E541A8000998DA /* UIKit.framework */ = {isa = PBXFileReference; lastKnownFileType = wrapper.framework; name = UIKit.framework; path = System/Library/Frameworks/UIKit.framework; sourceTree = SDKROOT; };
		431E2E4017E541A8000998DA /* JenkinsAppTest-Info.plist */ = {isa = PBXFileReference; lastKnownFileType = text.plist.xml; path = "JenkinsAppTest-Info.plist"; sourceTree = "<group>"; };
		431E2E4217E541A8000998DA /* en */ = {isa = PBXFileReference; lastKnownFileType = text.plist.strings; name = en; path = en.lproj/InfoPlist.strings; sourceTree = "<group>"; };
		431E2E4417E541A8000998DA /* main.m */ = {isa = PBXFileReference; lastKnownFileType = sourcecode.c.objc; path = main.m; sourceTree = "<group>"; };
		431E2E4617E541A8000998DA /* JenkinsAppTest-Prefix.pch */ = {isa = PBXFileReference; lastKnownFileType = sourcecode.c.h; path = "JenkinsAppTest-Prefix.pch"; sourceTree = "<group>"; };
		431E2E4717E541A8000998DA /* AppDelegate.h */ = {isa = PBXFileReference; lastKnownFileType = sourcecode.c.h; path = AppDelegate.h; sourceTree = "<group>"; };
		431E2E4817E541A8000998DA /* AppDelegate.m */ = {isa = PBXFileReference; lastKnownFileType = sourcecode.c.objc; path = AppDelegate.m; sourceTree = "<group>"; };
		431E2E4B17E541A8000998DA /* Base */ = {isa = PBXFileReference; lastKnownFileType = file.storyboard; name = Base; path = Base.lproj/Main.storyboard; sourceTree = "<group>"; };
		431E2E4D17E541A8000998DA /* ViewController.h */ = {isa = PBXFileReference; lastKnownFileType = sourcecode.c.h; path = ViewController.h; sourceTree = "<group>"; };
		431E2E4E17E541A8000998DA /* ViewController.m */ = {isa = PBXFileReference; lastKnownFileType = sourcecode.c.objc; path = ViewController.m; sourceTree = "<group>"; };
		431E2E5017E541A8000998DA /* Images.xcassets */ = {isa = PBXFileReference; lastKnownFileType = folder.assetcatalog; path = Images.xcassets; sourceTree = "<group>"; };
		431E2E5617E541A8000998DA /* JenkinsAppTestTests.xctest */ = {isa = PBXFileReference; explicitFileType = wrapper.cfbundle; includeInIndex = 0; path = JenkinsAppTestTests.xctest; sourceTree = BUILT_PRODUCTS_DIR; };
		431E2E5717E541A8000998DA /* XCTest.framework */ = {isa = PBXFileReference; lastKnownFileType = wrapper.framework; name = XCTest.framework; path = Library/Frameworks/XCTest.framework; sourceTree = DEVELOPER_DIR; };
		431E2E5F17E541A8000998DA /* JenkinsAppTestTests-Info.plist */ = {isa = PBXFileReference; lastKnownFileType = text.plist.xml; path = "JenkinsAppTestTests-Info.plist"; sourceTree = "<group>"; };
		431E2E6117E541A8000998DA /* en */ = {isa = PBXFileReference; lastKnownFileType = text.plist.strings; name = en; path = en.lproj/InfoPlist.strings; sourceTree = "<group>"; };
		431E2E6317E541A8000998DA /* JenkinsAppTestTests.m */ = {isa = PBXFileReference; lastKnownFileType = sourcecode.c.objc; path = JenkinsAppTestTests.m; sourceTree = "<group>"; };
/* End PBXFileReference section */

/* Begin PBXFrameworksBuildPhase section */
		431E2E3217E541A8000998DA /* Frameworks */ = {
			isa = PBXFrameworksBuildPhase;
			buildActionMask = 2147483647;
			files = (
				431E2E3B17E541A8000998DA /* CoreGraphics.framework in Frameworks */,
				431E2E3D17E541A8000998DA /* UIKit.framework in Frameworks */,
				431E2E3917E541A8000998DA /* Foundation.framework in Frameworks */,
			);
			runOnlyForDeploymentPostprocessing = 0;
		};
		431E2E5317E541A8000998DA /* Frameworks */ = {
			isa = PBXFrameworksBuildPhase;
			buildActionMask = 2147483647;
			files = (
				431E2E5817E541A8000998DA /* XCTest.framework in Frameworks */,
				431E2E5A17E541A8000998DA /* UIKit.framework in Frameworks */,
				431E2E5917E541A8000998DA /* Foundation.framework in Frameworks */,
			);
			runOnlyForDeploymentPostprocessing = 0;
		};
/* End PBXFrameworksBuildPhase section */

/* Begin PBXGroup section */
		431E2E2C17E541A8000998DA = {
			isa = PBXGroup;
			children = (
				431E2E3E17E541A8000998DA /* JenkinsAppTest */,
				431E2E5D17E541A8000998DA /* JenkinsAppTestTests */,
				431E2E3717E541A8000998DA /* Frameworks */,
				431E2E3617E541A8000998DA /* Products */,
			);
			sourceTree = "<group>";
		};
		431E2E3617E541A8000998DA /* Products */ = {
			isa = PBXGroup;
			children = (
				431E2E3517E541A8000998DA /* JenkinsAppTest.app */,
				431E2E5617E541A8000998DA /* JenkinsAppTestTests.xctest */,
			);
			name = Products;
			sourceTree = "<group>";
		};
		431E2E3717E541A8000998DA /* Frameworks */ = {
			isa = PBXGroup;
			children = (
				431E2E3817E541A8000998DA /* Foundation.framework */,
				431E2E3A17E541A8000998DA /* CoreGraphics.framework */,
				431E2E3C17E541A8000998DA /* UIKit.framework */,
				431E2E5717E541A8000998DA /* XCTest.framework */,
			);
			name = Frameworks;
			sourceTree = "<group>";
		};
		431E2E3E17E541A8000998DA /* JenkinsAppTest */ = {
			isa = PBXGroup;
			children = (
				431E2E4717E541A8000998DA /* AppDelegate.h */,
				431E2E4817E541A8000998DA /* AppDelegate.m */,
				431E2E4A17E541A8000998DA /* Main.storyboard */,
				431E2E4D17E541A8000998DA /* ViewController.h */,
				431E2E4E17E541A8000998DA /* ViewController.m */,
				431E2E5017E541A8000998DA /* Images.xcassets */,
				431E2E3F17E541A8000998DA /* Supporting Files */,
			);
			path = JenkinsAppTest;
			sourceTree = "<group>";
		};
		431E2E3F17E541A8000998DA /* Supporting Files */ = {
			isa = PBXGroup;
			children = (
				431E2E4017E541A8000998DA /* JenkinsAppTest-Info.plist */,
				431E2E4117E541A8000998DA /* InfoPlist.strings */,
				431E2E4417E541A8000998DA /* main.m */,
				431E2E4617E541A8000998DA /* JenkinsAppTest-Prefix.pch */,
			);
			name = "Supporting Files";
			sourceTree = "<group>";
		};
		431E2E5D17E541A8000998DA /* JenkinsAppTestTests */ = {
			isa = PBXGroup;
			children = (
				431E2E6317E541A8000998DA /* JenkinsAppTestTests.m */,
				431E2E5E17E541A8000998DA /* Supporting Files */,
			);
			path = JenkinsAppTestTests;
			sourceTree = "<group>";
		};
		431E2E5E17E541A8000998DA /* Supporting Files */ = {
			isa = PBXGroup;
			children = (
				431E2E5F17E541A8000998DA /* JenkinsAppTestTests-Info.plist */,
				431E2E6017E541A8000998DA /* InfoPlist.strings */,
			);
			name = "Supporting Files";
			sourceTree = "<group>";
		};
/* End PBXGroup section */

/* Begin PBXNativeTarget section */
		431E2E3417E541A8000998DA /* JenkinsAppTest */ = {
			isa = PBXNativeTarget;
			buildConfigurationList = 431E2E6717E541A8000998DA /* Build configuration list for PBXNativeTarget "JenkinsAppTest" */;
			buildPhases = (
				431E2E3117E541A8000998DA /* Sources */,
				431E2E3217E541A8000998DA /* Frameworks */,
				431E2E3317E541A8000998DA /* Resources */,
			);
			buildRules = (
			);
			dependencies = (
			);
			name = JenkinsAppTest;
			productName = JenkinsAppTest;
			productReference = 431E2E3517E541A8000998DA /* JenkinsAppTest.app */;
			productType = "com.apple.product-type.application";
		};
		431E2E5517E541A8000998DA /* JenkinsAppTestTests */ = {
			isa = PBXNativeTarget;
			buildConfigurationList = 431E2E6A17E541A8000998DA /* Build configuration list for PBXNativeTarget "JenkinsAppTestTests" */;
			buildPhases = (
				431E2E5217E541A8000998DA /* Sources */,
				431E2E5317E541A8000998DA /* Frameworks */,
				431E2E5417E541A8000998DA /* Resources */,
			);
			buildRules = (
			);
			dependencies = (
				431E2E5C17E541A8000998DA /* PBXTargetDependency */,
			);
			name = JenkinsAppTestTests;
			productName = JenkinsAppTestTests;
			productReference = 431E2E5617E541A8000998DA /* JenkinsAppTestTests.xctest */;
			productType = "com.apple.product-type.bundle.unit-test";
		};
/* End PBXNativeTarget section */

/* Begin PBXProject section */
		431E2E2D17E541A8000998DA /* Project object */ = {
			isa = PBXProject;
			attributes = {
				LastUpgradeCheck = 0500;
				ORGANIZATIONNAME = "Artur Shinkevich";
				TargetAttributes = {
					431E2E5517E541A8000998DA = {
						TestTargetID = 431E2E3417E541A8000998DA;
					};
				};
			};
			buildConfigurationList = 431E2E3017E541A8000998DA /* Build configuration list for PBXProject "JenkinsAppTest" */;
			compatibilityVersion = "Xcode 3.2";
			developmentRegion = English;
			hasScannedForEncodings = 0;
			knownRegions = (
				en,
				Base,
			);
			mainGroup = 431E2E2C17E541A8000998DA;
			productRefGroup = 431E2E3617E541A8000998DA /* Products */;
			projectDirPath = "";
			projectRoot = "";
			targets = (
				431E2E3417E541A8000998DA /* JenkinsAppTest */,
				431E2E5517E541A8000998DA /* JenkinsAppTestTests */,
			);
		};
/* End PBXProject section */

/* Begin PBXResourcesBuildPhase section */
		431E2E3317E541A8000998DA /* Resources */ = {
			isa = PBXResourcesBuildPhase;
			buildActionMask = 2147483647;
			files = (
				431E2E5117E541A8000998DA /* Images.xcassets in Resources */,
				431E2E4317E541A8000998DA /* InfoPlist.strings in Resources */,
				431E2E4C17E541A8000998DA /* Main.storyboard in Resources */,
			);
			runOnlyForDeploymentPostprocessing = 0;
		};
		431E2E5417E541A8000998DA /* Resources */ = {
			isa = PBXResourcesBuildPhase;
			buildActionMask = 2147483647;
			files = (
				431E2E6217E541A8000998DA /* InfoPlist.strings in Resources */,
			);
			runOnlyForDeploymentPostprocessing = 0;
		};
/* End PBXResourcesBuildPhase section */

/* Begin PBXSourcesBuildPhase section */
		431E2E3117E541A8000998DA /* Sources */ = {
			isa = PBXSourcesBuildPhase;
			buildActionMask = 2147483647;
			files = (
				431E2E4F17E541A8000998DA /* ViewController.m in Sources */,
				431E2E4917E541A8000998DA /* AppDelegate.m in Sources */,
				431E2E4517E541A8000998DA /* main.m in Sources */,
			);
			runOnlyForDeploymentPostprocessing = 0;
		};
		431E2E5217E541A8000998DA /* Sources */ = {
			isa = PBXSourcesBuildPhase;
			buildActionMask = 2147483647;
			files = (
				431E2E6417E541A8000998DA /* JenkinsAppTestTests.m in Sources */,
			);
			runOnlyForDeploymentPostprocessing = 0;
		};
/* End PBXSourcesBuildPhase section */

/* Begin PBXTargetDependency section */
		431E2E5C17E541A8000998DA /* PBXTargetDependency */ = {
			isa = PBXTargetDependency;
			target = 431E2E3417E541A8000998DA /* JenkinsAppTest */;
			targetProxy = 431E2E5B17E541A8000998DA /* PBXContainerItemProxy */;
		};
/* End PBXTargetDependency section */

/* Begin PBXVariantGroup section */
		431E2E4117E541A8000998DA /* InfoPlist.strings */ = {
			isa = PBXVariantGroup;
			children = (
				431E2E4217E541A8000998DA /* en */,
			);
			name = InfoPlist.strings;
			sourceTree = "<group>";
		};
		431E2E4A17E541A8000998DA /* Main.storyboard */ = {
			isa = PBXVariantGroup;
			children = (
				431E2E4B17E541A8000998DA /* Base */,
			);
			name = Main.storyboard;
			sourceTree = "<group>";
		};
		431E2E6017E541A8000998DA /* InfoPlist.strings */ = {
			isa = PBXVariantGroup;
			children = (
				431E2E6117E541A8000998DA /* en */,
			);
			name = InfoPlist.strings;
			sourceTree = "<group>";
		};
/* End PBXVariantGroup section */

/* Begin XCBuildConfiguration section */
		431E2E6517E541A8000998DA /* Debug */ = {
			isa = XCBuildConfiguration;
			buildSettings = {
				ALWAYS_SEARCH_USER_PATHS = NO;
				CLANG_CXX_LANGUAGE_STANDARD = "gnu++0x";
				CLANG_CXX_LIBRARY = "libc++";
				CLANG_ENABLE_MODULES = YES;
				CLANG_ENABLE_OBJC_ARC = YES;
				CLANG_WARN_BOOL_CONVERSION = YES;
				CLANG_WARN_CONSTANT_CONVERSION = YES;
				CLANG_WARN_DIRECT_OBJC_ISA_USAGE = YES_ERROR;
				CLANG_WARN_EMPTY_BODY = YES;
				CLANG_WARN_ENUM_CONVERSION = YES;
				CLANG_WARN_INT_CONVERSION = YES;
				CLANG_WARN_OBJC_ROOT_CLASS = YES_ERROR;
				CLANG_WARN__DUPLICATE_METHOD_MATCH = YES;
				"CODE_SIGN_IDENTITY[sdk=iphoneos*]" = "iPhone Developer";
				COPY_PHASE_STRIP = NO;
				GCC_C_LANGUAGE_STANDARD = gnu99;
				GCC_DYNAMIC_NO_PIC = NO;
				GCC_OPTIMIZATION_LEVEL = 0;
				GCC_PREPROCESSOR_DEFINITIONS = (
					"DEBUG=1",
					"$(inherited)",
				);
				GCC_SYMBOLS_PRIVATE_EXTERN = NO;
				GCC_WARN_ABOUT_RETURN_TYPE = YES_ERROR;
				GCC_WARN_UNDECLARED_SELECTOR = YES;
				GCC_WARN_UNINITIALIZED_AUTOS = YES;
				GCC_WARN_UNUSED_FUNCTION = YES;
				GCC_WARN_UNUSED_VARIABLE = YES;
				IPHONEOS_DEPLOYMENT_TARGET = 7.0;
				ONLY_ACTIVE_ARCH = YES;
				SDKROOT = iphoneos;
			};
			name = Debug;
		};
		431E2E6617E541A8000998DA /* Release */ = {
			isa = XCBuildConfiguration;
			buildSettings = {
				ALWAYS_SEARCH_USER_PATHS = NO;
				CLANG_CXX_LANGUAGE_STANDARD = "gnu++0x";
				CLANG_CXX_LIBRARY = "libc++";
				CLANG_ENABLE_MODULES = YES;
				CLANG_ENABLE_OBJC_ARC = YES;
				CLANG_WARN_BOOL_CONVERSION = YES;
				CLANG_WARN_CONSTANT_CONVERSION = YES;
				CLANG_WARN_DIRECT_OBJC_ISA_USAGE = YES_ERROR;
				CLANG_WARN_EMPTY_BODY = YES;
				CLANG_WARN_ENUM_CONVERSION = YES;
				CLANG_WARN_INT_CONVERSION = YES;
				CLANG_WARN_OBJC_ROOT_CLASS = YES_ERROR;
				CLANG_WARN__DUPLICATE_METHOD_MATCH = YES;
				"CODE_SIGN_IDENTITY[sdk=iphoneos*]" = "iPhone Developer";
				COPY_PHASE_STRIP = YES;
				ENABLE_NS_ASSERTIONS = NO;
				GCC_C_LANGUAGE_STANDARD = gnu99;
				GCC_WARN_ABOUT_RETURN_TYPE = YES_ERROR;
				GCC_WARN_UNDECLARED_SELECTOR = YES;
				GCC_WARN_UNINITIALIZED_AUTOS = YES;
				GCC_WARN_UNUSED_FUNCTION = YES;
				GCC_WARN_UNUSED_VARIABLE = YES;
				IPHONEOS_DEPLOYMENT_TARGET = 7.0;
				SDKROOT = iphoneos;
				VALIDATE_PRODUCT = YES;
			};
			name = Release;
		};
		431E2E6817E541A8000998DA /* Debug */ = {
			isa = XCBuildConfiguration;
			buildSettings = {
				ASSETCATALOG_COMPILER_APPICON_NAME = AppIcon;
				ASSETCATALOG_COMPILER_LAUNCHIMAGE_NAME = LaunchImage;
				GCC_PRECOMPILE_PREFIX_HEADER = YES;
				GCC_PREFIX_HEADER = "JenkinsAppTest/JenkinsAppTest-Prefix.pch";
				INFOPLIST_FILE = "JenkinsAppTest/JenkinsAppTest-Info.plist";
				PRODUCT_NAME = "$(TARGET_NAME)";
				WRAPPER_EXTENSION = app;
			};
			name = Debug;
		};
		431E2E6917E541A8000998DA /* Release */ = {
			isa = XCBuildConfiguration;
			buildSettings = {
				ASSETCATALOG_COMPILER_APPICON_NAME = AppIcon;
				ASSETCATALOG_COMPILER_LAUNCHIMAGE_NAME = LaunchImage;
				GCC_PRECOMPILE_PREFIX_HEADER = YES;
				GCC_PREFIX_HEADER = "JenkinsAppTest/JenkinsAppTest-Prefix.pch";
				INFOPLIST_FILE = "JenkinsAppTest/JenkinsAppTest-Info.plist";
				PRODUCT_NAME = "$(TARGET_NAME)";
				WRAPPER_EXTENSION = app;
			};
			name = Release;
		};
		431E2E6B17E541A8000998DA /* Debug */ = {
			isa = XCBuildConfiguration;
			buildSettings = {
				BUNDLE_LOADER = "$(BUILT_PRODUCTS_DIR)/JenkinsAppTest.app/JenkinsAppTest";
				FRAMEWORK_SEARCH_PATHS = (
					"$(SDKROOT)/Developer/Library/Frameworks",
					"$(inherited)",
					"$(DEVELOPER_FRAMEWORKS_DIR)",
				);
				GCC_PRECOMPILE_PREFIX_HEADER = YES;
				GCC_PREFIX_HEADER = "JenkinsAppTest/JenkinsAppTest-Prefix.pch";
				GCC_PREPROCESSOR_DEFINITIONS = (
					"DEBUG=1",
					"$(inherited)",
				);
				INFOPLIST_FILE = "JenkinsAppTestTests/JenkinsAppTestTests-Info.plist";
				PRODUCT_NAME = "$(TARGET_NAME)";
				TEST_HOST = "$(BUNDLE_LOADER)";
				WRAPPER_EXTENSION = xctest;
			};
			name = Debug;
		};
		431E2E6C17E541A8000998DA /* Release */ = {
			isa = XCBuildConfiguration;
			buildSettings = {
				BUNDLE_LOADER = "$(BUILT_PRODUCTS_DIR)/JenkinsAppTest.app/JenkinsAppTest";
				FRAMEWORK_SEARCH_PATHS = (
					"$(SDKROOT)/Developer/Library/Frameworks",
					"$(inherited)",
					"$(DEVELOPER_FRAMEWORKS_DIR)",
				);
				GCC_PRECOMPILE_PREFIX_HEADER = YES;
				GCC_PREFIX_HEADER = "JenkinsAppTest/JenkinsAppTest-Prefix.pch";
				INFOPLIST_FILE = "JenkinsAppTestTests/JenkinsAppTestTests-Info.plist";
				PRODUCT_NAME = "$(TARGET_NAME)";
				TEST_HOST = "$(BUNDLE_LOADER)";
				WRAPPER_EXTENSION = xctest;
			};
			name = Release;
		};
/* End XCBuildConfiguration section */

/* Begin XCConfigurationList section */
		431E2E3017E541A8000998DA /* Build configuration list for PBXProject "JenkinsAppTest" */ = {
			isa = XCConfigurationList;
			buildConfigurations = (
				431E2E6517E541A8000998DA /* Debug */,
				431E2E6617E541A8000998DA /* Release */,
			);
			defaultConfigurationIsVisible = 0;
			defaultConfigurationName = Release;
		};
		431E2E6717E541A8000998DA /* Build configuration list for PBXNativeTarget "JenkinsAppTest" */ = {
			isa = XCConfigurationList;
			buildConfigurations = (
				431E2E6817E541A8000998DA /* Debug */,
				431E2E6917E541A8000998DA /* Release */,
			);
			defaultConfigurationIsVisible = 0;
		};
		431E2E6A17E541A8000998DA /* Build configuration list for PBXNativeTarget "JenkinsAppTestTests" */ = {
			isa = XCConfigurationList;
			buildConfigurations = (
				431E2E6B17E541A8000998DA /* Debug */,
				431E2E6C17E541A8000998DA /* Release */,
			);
			defaultConfigurationIsVisible = 0;
		};
/* End XCConfigurationList section */
	};
	rootObject = 431E2E2D17E541A8000998DA /* Project object */;
}
